
Microsoft Visual Studio Solution File, Format Version 12.00
# Visual Studio Version 17
VisualStudioVersion = 17.14.36518.9 d17.14
MinimumVisualStudioVersion = 10.0.40219.1
Project("{888888A0-9F3D-457C-B088-3A5042F75D52}") = "8avmka", "8avmka\8avmka.pyproj", "{1F27D1D6-B0F6-42D1-AD6B-EF0C27F6BC84}"
EndProject
Global
	GlobalSection(SolutionConfigurationPlatforms) = preSolution
		Debug|Any CPU = Debug|Any CPU
		Release|Any CPU = Release|Any CPU
	EndGlobalSection
	GlobalSection(ProjectConfigurationPlatforms) = postSolution
		{1F27D1D6-B0F6-42D1-AD6B-EF0C27F6BC84}.Debug|Any CPU.ActiveCfg = Debug|Any CPU
		{1F27D1D6-B0F6-42D1-AD6B-EF0C27F6BC84}.Release|Any CPU.ActiveCfg = Release|Any CPU
	EndGlobalSection
	GlobalSection(SolutionProperties) = preSolution
		HideSolutionNode = FALSE
	EndGlobalSection
	GlobalSection(ExtensibilityGlobals) = postSolution
		SolutionGuid = {7F602258-9642-477B-B778-584E130F1DB3}
	EndGlobalSection
EndGlobal
