
Microsoft Visual Studio Solution File, Format Version 12.00
# Visual Studio Version 17
VisualStudioVersion = 17.14.36518.9 d17.14
MinimumVisualStudioVersion = 10.0.40219.1
Project("{888888A0-9F3D-457C-B088-3A5042F75D52}") = "8.3avm", "8.3avm\8.3avm.pyproj", "{4E6020BC-EB74-4271-B746-C78DFD87344B}"
EndProject
Global
	GlobalSection(SolutionConfigurationPlatforms) = preSolution
		Debug|Any CPU = Debug|Any CPU
		Release|Any CPU = Release|Any CPU
	EndGlobalSection
	GlobalSection(ProjectConfigurationPlatforms) = postSolution
		{4E6020BC-EB74-4271-B746-C78DFD87344B}.Debug|Any CPU.ActiveCfg = Debug|Any CPU
		{4E6020BC-EB74-4271-B746-C78DFD87344B}.Release|Any CPU.ActiveCfg = Release|Any CPU
	EndGlobalSection
	GlobalSection(SolutionProperties) = preSolution
		HideSolutionNode = FALSE
	EndGlobalSection
	GlobalSection(ExtensibilityGlobals) = postSolution
		SolutionGuid = {597ABC9A-A584-4B7D-B9C5-D9AC80ACFD82}
	EndGlobalSection
EndGlobal
